
Microsoft Visual Studio Solution File, Format Version 12.00
# Visual Studio Version 17
VisualStudioVersion = 17.10.35122.118
MinimumVisualStudioVersion = 10.0.40219.1
Project("{2150E333-8FDC-42A3-9474-1A3956D46DE8}") = "tests", "tests", "{906838BB-669D-4351-8DEB-932F3CF9AD3F}"
EndProject
Project("{2150E333-8FDC-42A3-9474-1A3956D46DE8}") = "src", "src", "{8A43FAD8-78EB-41B5-8BF2-E2E1846EFF5B}"
EndProject
Project("{9A19103F-16F7-4668-BE54-9A1E7A4F7556}") = "RunningTracker", "src\Running\RunningTracker.csproj", "{5440F614-2EFD-4BAE-9D67-6A135A68DE5C}"
EndProject
Project("{9A19103F-16F7-4668-BE54-9A1E7A4F7556}") = "FunctionalTests", "tests\FunctionalTests\FunctionalTests.csproj", "{8393C9E4-54CD-4892-AC52-D782E1BF8546}"
EndProject
Project("{2150E333-8FDC-42A3-9474-1A3956D46DE8}") = "SolutionItems", "SolutionItems", "{89E1C8E0-3D6B-4A06-A554-3B4DE0AB722A}"
	ProjectSection(SolutionItems) = preProject
		docker-compose.yaml = docker-compose.yaml
		Dockerfile = Dockerfile
	EndProjectSection
EndProject
Project("{9A19103F-16F7-4668-BE54-9A1E7A4F7556}") = "IntegratedTests", "tests\IntegratedTests\IntegratedTests.csproj", "{FEBA6FC6-E27E-489F-9ECE-629EBCDA5295}"
EndProject
Project("{2150E333-8FDC-42A3-9474-1A3956D46DE8}") = "LoadTests", "LoadTests", "{02EA681E-C7D8-13C7-8484-4AC65E1B71E8}"
	ProjectSection(SolutionItems) = preProject
		tests\LoadTests\script.js = tests\LoadTests\script.js
	EndProjectSection
EndProject
Project("{2150E333-8FDC-42A3-9474-1A3956D46DE8}") = "utils", "utils", "{AA689E64-467A-4647-92A8-B0422EB2E7FE}"
	ProjectSection(SolutionItems) = preProject
		bundle.js = bundle.js
		tests\LoadTests\Utils\index.js = tests\LoadTests\Utils\index.js
	EndProjectSection
EndProject
Project("{FAE04EC0-301F-11D3-BF4B-00C04F79EFBC}") = "UnitTests", "tests\UnitTests\UnitTests.csproj", "{C6FAD473-BC05-472C-99B5-8BA34C973753}"
EndProject
Global
	GlobalSection(SolutionConfigurationPlatforms) = preSolution
		Debug|Any CPU = Debug|Any CPU
		Release|Any CPU = Release|Any CPU
	EndGlobalSection
	GlobalSection(ProjectConfigurationPlatforms) = postSolution
		{5440F614-2EFD-4BAE-9D67-6A135A68DE5C}.Debug|Any CPU.ActiveCfg = Debug|Any CPU
		{5440F614-2EFD-4BAE-9D67-6A135A68DE5C}.Debug|Any CPU.Build.0 = Debug|Any CPU
		{5440F614-2EFD-4BAE-9D67-6A135A68DE5C}.Release|Any CPU.ActiveCfg = Release|Any CPU
		{5440F614-2EFD-4BAE-9D67-6A135A68DE5C}.Release|Any CPU.Build.0 = Release|Any CPU
		{8393C9E4-54CD-4892-AC52-D782E1BF8546}.Debug|Any CPU.ActiveCfg = Debug|Any CPU
		{8393C9E4-54CD-4892-AC52-D782E1BF8546}.Debug|Any CPU.Build.0 = Debug|Any CPU
		{8393C9E4-54CD-4892-AC52-D782E1BF8546}.Release|Any CPU.ActiveCfg = Release|Any CPU
		{8393C9E4-54CD-4892-AC52-D782E1BF8546}.Release|Any CPU.Build.0 = Release|Any CPU
		{FEBA6FC6-E27E-489F-9ECE-629EBCDA5295}.Debug|Any CPU.ActiveCfg = Debug|Any CPU
		{FEBA6FC6-E27E-489F-9ECE-629EBCDA5295}.Debug|Any CPU.Build.0 = Debug|Any CPU
		{FEBA6FC6-E27E-489F-9ECE-629EBCDA5295}.Release|Any CPU.ActiveCfg = Release|Any CPU
		{FEBA6FC6-E27E-489F-9ECE-629EBCDA5295}.Release|Any CPU.Build.0 = Release|Any CPU
		{C6FAD473-BC05-472C-99B5-8BA34C973753}.Debug|Any CPU.ActiveCfg = Debug|Any CPU
		{C6FAD473-BC05-472C-99B5-8BA34C973753}.Debug|Any CPU.Build.0 = Debug|Any CPU
		{C6FAD473-BC05-472C-99B5-8BA34C973753}.Release|Any CPU.ActiveCfg = Release|Any CPU
		{C6FAD473-BC05-472C-99B5-8BA34C973753}.Release|Any CPU.Build.0 = Release|Any CPU
	EndGlobalSection
	GlobalSection(SolutionProperties) = preSolution
		HideSolutionNode = FALSE
	EndGlobalSection
	GlobalSection(NestedProjects) = preSolution
		{5440F614-2EFD-4BAE-9D67-6A135A68DE5C} = {8A43FAD8-78EB-41B5-8BF2-E2E1846EFF5B}
		{8393C9E4-54CD-4892-AC52-D782E1BF8546} = {906838BB-669D-4351-8DEB-932F3CF9AD3F}
		{FEBA6FC6-E27E-489F-9ECE-629EBCDA5295} = {906838BB-669D-4351-8DEB-932F3CF9AD3F}
		{02EA681E-C7D8-13C7-8484-4AC65E1B71E8} = {906838BB-669D-4351-8DEB-932F3CF9AD3F}
		{AA689E64-467A-4647-92A8-B0422EB2E7FE} = {02EA681E-C7D8-13C7-8484-4AC65E1B71E8}
		{C6FAD473-BC05-472C-99B5-8BA34C973753} = {906838BB-669D-4351-8DEB-932F3CF9AD3F}
	EndGlobalSection
	GlobalSection(ExtensibilityGlobals) = postSolution
		SolutionGuid = {F67B711C-7D58-4FAA-ADDE-795AB39FB374}
	EndGlobalSection
EndGlobal
